
Microsoft Visual Studio Solution File, Format Version 12.00
# Visual Studio Version 17
VisualStudioVersion = 17.2.32602.215
MinimumVisualStudioVersion = 10.0.40219.1
Project("{9A19103F-16F7-4668-BE54-9A1E7A4F7556}") = "Application", "Application\Application.csproj", "{90D20408-FF3F-44A8-AA82-17A5C0CAA3D2}"
EndProject
Project("{9A19103F-16F7-4668-BE54-9A1E7A4F7556}") = "Domain", "Domain\Domain.csproj", "{82C80D83-DC27-46C4-B29F-07A09FEEF43F}"
EndProject
Project("{9A19103F-16F7-4668-BE54-9A1E7A4F7556}") = "Infrastructure", "Infrastructure\Infrastructure.csproj", "{27BE674D-2C6D-436D-9228-F74B94C9896A}"
EndProject
Project("{9A19103F-16F7-4668-BE54-9A1E7A4F7556}") = "WebAPI", "WebAPI\WebAPI.csproj", "{AB505FDF-C32C-4A31-995B-8EF415DB3AE4}"
EndProject
Project("{9A19103F-16F7-4668-BE54-9A1E7A4F7556}") = "Shared", "Shared\Shared.csproj", "{CAE2FC66-7663-4AC2-BD02-CF3DB6ADABF9}"
EndProject
Project("{2150E333-8FDC-42A3-9474-1A3956D46DE8}") = "Shared", "Shared", "{484F8914-00E4-4C57-98D3-1AB29CE40589}"
EndProject
Project("{2150E333-8FDC-42A3-9474-1A3956D46DE8}") = "Infrastructure", "Infrastructure", "{82AAF844-5579-41D8-A60C-126E06F6DDD9}"
EndProject
Project("{2150E333-8FDC-42A3-9474-1A3956D46DE8}") = "Core", "Core", "{60C1CD2E-062C-4AE9-8FC5-FDB67206D056}"
EndProject
Project("{2150E333-8FDC-42A3-9474-1A3956D46DE8}") = "Web", "Web", "{7564310B-E177-4B1E-A565-6DAF7E66DACA}"
EndProject
Project("{2150E333-8FDC-42A3-9474-1A3956D46DE8}") = "API", "API", "{58D9C983-6798-445A-A825-811EE596002C}"
EndProject
Project("{2150E333-8FDC-42A3-9474-1A3956D46DE8}") = "Client", "Client", "{6FA4725B-5861-4819-A8C5-114E9E7A297B}"
EndProject
Project("{9A19103F-16F7-4668-BE54-9A1E7A4F7556}") = "MudBlazorClient", "MudBlazorClient\MudBlazorClient.csproj", "{37D61FCF-BA39-4160-8312-9DDE3003C0B0}"
EndProject
Project("{9A19103F-16F7-4668-BE54-9A1E7A4F7556}") = "Client.Infrastructure", "Client.Infrastructure\Client.Infrastructure.csproj", "{13F2C492-3E1A-4E9E-834F-DF38520F2855}"
EndProject
Global
	GlobalSection(SolutionConfigurationPlatforms) = preSolution
		Debug|Any CPU = Debug|Any CPU
		Release|Any CPU = Release|Any CPU
	EndGlobalSection
	GlobalSection(ProjectConfigurationPlatforms) = postSolution
		{90D20408-FF3F-44A8-AA82-17A5C0CAA3D2}.Debug|Any CPU.ActiveCfg = Debug|Any CPU
		{90D20408-FF3F-44A8-AA82-17A5C0CAA3D2}.Debug|Any CPU.Build.0 = Debug|Any CPU
		{90D20408-FF3F-44A8-AA82-17A5C0CAA3D2}.Release|Any CPU.ActiveCfg = Release|Any CPU
		{90D20408-FF3F-44A8-AA82-17A5C0CAA3D2}.Release|Any CPU.Build.0 = Release|Any CPU
		{82C80D83-DC27-46C4-B29F-07A09FEEF43F}.Debug|Any CPU.ActiveCfg = Debug|Any CPU
		{82C80D83-DC27-46C4-B29F-07A09FEEF43F}.Debug|Any CPU.Build.0 = Debug|Any CPU
		{82C80D83-DC27-46C4-B29F-07A09FEEF43F}.Release|Any CPU.ActiveCfg = Release|Any CPU
		{82C80D83-DC27-46C4-B29F-07A09FEEF43F}.Release|Any CPU.Build.0 = Release|Any CPU
		{27BE674D-2C6D-436D-9228-F74B94C9896A}.Debug|Any CPU.ActiveCfg = Debug|Any CPU
		{27BE674D-2C6D-436D-9228-F74B94C9896A}.Debug|Any CPU.Build.0 = Debug|Any CPU
		{27BE674D-2C6D-436D-9228-F74B94C9896A}.Release|Any CPU.ActiveCfg = Release|Any CPU
		{27BE674D-2C6D-436D-9228-F74B94C9896A}.Release|Any CPU.Build.0 = Release|Any CPU
		{AB505FDF-C32C-4A31-995B-8EF415DB3AE4}.Debug|Any CPU.ActiveCfg = Debug|Any CPU
		{AB505FDF-C32C-4A31-995B-8EF415DB3AE4}.Debug|Any CPU.Build.0 = Debug|Any CPU
		{AB505FDF-C32C-4A31-995B-8EF415DB3AE4}.Release|Any CPU.ActiveCfg = Release|Any CPU
		{AB505FDF-C32C-4A31-995B-8EF415DB3AE4}.Release|Any CPU.Build.0 = Release|Any CPU
		{CAE2FC66-7663-4AC2-BD02-CF3DB6ADABF9}.Debug|Any CPU.ActiveCfg = Debug|Any CPU
		{CAE2FC66-7663-4AC2-BD02-CF3DB6ADABF9}.Debug|Any CPU.Build.0 = Debug|Any CPU
		{CAE2FC66-7663-4AC2-BD02-CF3DB6ADABF9}.Release|Any CPU.ActiveCfg = Release|Any CPU
		{CAE2FC66-7663-4AC2-BD02-CF3DB6ADABF9}.Release|Any CPU.Build.0 = Release|Any CPU
		{37D61FCF-BA39-4160-8312-9DDE3003C0B0}.Debug|Any CPU.ActiveCfg = Debug|Any CPU
		{37D61FCF-BA39-4160-8312-9DDE3003C0B0}.Debug|Any CPU.Build.0 = Debug|Any CPU
		{37D61FCF-BA39-4160-8312-9DDE3003C0B0}.Release|Any CPU.ActiveCfg = Release|Any CPU
		{37D61FCF-BA39-4160-8312-9DDE3003C0B0}.Release|Any CPU.Build.0 = Release|Any CPU
		{13F2C492-3E1A-4E9E-834F-DF38520F2855}.Debug|Any CPU.ActiveCfg = Debug|Any CPU
		{13F2C492-3E1A-4E9E-834F-DF38520F2855}.Debug|Any CPU.Build.0 = Debug|Any CPU
		{13F2C492-3E1A-4E9E-834F-DF38520F2855}.Release|Any CPU.ActiveCfg = Release|Any CPU
		{13F2C492-3E1A-4E9E-834F-DF38520F2855}.Release|Any CPU.Build.0 = Release|Any CPU
	EndGlobalSection
	GlobalSection(SolutionProperties) = preSolution
		HideSolutionNode = FALSE
	EndGlobalSection
	GlobalSection(NestedProjects) = preSolution
		{90D20408-FF3F-44A8-AA82-17A5C0CAA3D2} = {60C1CD2E-062C-4AE9-8FC5-FDB67206D056}
		{82C80D83-DC27-46C4-B29F-07A09FEEF43F} = {60C1CD2E-062C-4AE9-8FC5-FDB67206D056}
		{27BE674D-2C6D-436D-9228-F74B94C9896A} = {82AAF844-5579-41D8-A60C-126E06F6DDD9}
		{AB505FDF-C32C-4A31-995B-8EF415DB3AE4} = {58D9C983-6798-445A-A825-811EE596002C}
		{CAE2FC66-7663-4AC2-BD02-CF3DB6ADABF9} = {484F8914-00E4-4C57-98D3-1AB29CE40589}
		{58D9C983-6798-445A-A825-811EE596002C} = {7564310B-E177-4B1E-A565-6DAF7E66DACA}
		{6FA4725B-5861-4819-A8C5-114E9E7A297B} = {7564310B-E177-4B1E-A565-6DAF7E66DACA}
		{37D61FCF-BA39-4160-8312-9DDE3003C0B0} = {6FA4725B-5861-4819-A8C5-114E9E7A297B}
		{13F2C492-3E1A-4E9E-834F-DF38520F2855} = {6FA4725B-5861-4819-A8C5-114E9E7A297B}
	EndGlobalSection
	GlobalSection(ExtensibilityGlobals) = postSolution
		SolutionGuid = {1E25140C-D33F-4C7D-865A-380974604954}
	EndGlobalSection
EndGlobal
